
Microsoft Visual Studio Solution File, Format Version 12.00
# Visual Studio Version 17
VisualStudioVersion = 17.8.34408.163
MinimumVisualStudioVersion = 10.0.40219.1
Project("{FAE04EC0-301F-11D3-BF4B-00C04F79EFBC}") = "PollBall", "PollBall\PollBall.csproj", "{39570FC9-3803-4651-B05B-B5C0B5CD10B2}"
EndProject
Global
	GlobalSection(SolutionConfigurationPlatforms) = preSolution
		Debug|Any CPU = Debug|Any CPU
		Release|Any CPU = Release|Any CPU
	EndGlobalSection
	GlobalSection(ProjectConfigurationPlatforms) = postSolution
		{39570FC9-3803-4651-B05B-B5C0B5CD10B2}.Debug|Any CPU.ActiveCfg = Debug|Any CPU
		{39570FC9-3803-4651-B05B-B5C0B5CD10B2}.Debug|Any CPU.Build.0 = Debug|Any CPU
		{39570FC9-3803-4651-B05B-B5C0B5CD10B2}.Release|Any CPU.ActiveCfg = Release|Any CPU
		{39570FC9-3803-4651-B05B-B5C0B5CD10B2}.Release|Any CPU.Build.0 = Release|Any CPU
	EndGlobalSection
	GlobalSection(SolutionProperties) = preSolution
		HideSolutionNode = FALSE
	EndGlobalSection
	GlobalSection(ExtensibilityGlobals) = postSolution
		SolutionGuid = {E0CA0422-76FD-4199-9C3D-39592140ADF1}
	EndGlobalSection
EndGlobal
